// !$*UTF8*$!
{
	archiveVersion = 1;
	classes = {
	};
	objectVersion = 46;
	objects = {

/* Begin PBXAggregateTarget section */
		24416B8111C4CA220047AFDD /* Build & Test */ = {
			isa = PBXAggregateTarget;
			buildConfigurationList = 24416B8A11C4CA520047AFDD /* Build configuration list for PBXAggregateTarget "Build & Test" */;
			buildPhases = (
				24416B8011C4CA220047AFDD /* ShellScript */,
			);
			dependencies = (
				24416B8511C4CA280047AFDD /* PBXTargetDependency */,
			);
			name = "Build & Test";
			productName = "Build & test";
		};
/* End PBXAggregateTarget section */

/* Begin PBXBuildFile section */
		230AD3411884AD84001EDFB3 /* JVFloatLabeledTextField.h in Headers */ = {isa = PBXBuildFile; fileRef = 230AD33D1884AD84001EDFB3 /* JVFloatLabeledTextField.h */; };
		230AD3421884AD84001EDFB3 /* JVFloatLabeledTextField.m in Sources */ = {isa = PBXBuildFile; fileRef = 230AD33E1884AD84001EDFB3 /* JVFloatLabeledTextField.m */; };
		230AD3431884AD84001EDFB3 /* JVFloatLabeledTextView.h in Headers */ = {isa = PBXBuildFile; fileRef = 230AD33F1884AD84001EDFB3 /* JVFloatLabeledTextView.h */; };
		230AD3441884AD84001EDFB3 /* JVFloatLabeledTextView.m in Sources */ = {isa = PBXBuildFile; fileRef = 230AD3401884AD84001EDFB3 /* JVFloatLabeledTextView.m */; };
		230AD36B1884B8CC001EDFB3 /* BeK0sukeTijvfloatlabeledtextfieldTextField.h in Headers */ = {isa = PBXBuildFile; fileRef = 230AD3691884B8CC001EDFB3 /* BeK0sukeTijvfloatlabeledtextfieldTextField.h */; };
		230AD36C1884B8CC001EDFB3 /* BeK0sukeTijvfloatlabeledtextfieldTextField.m in Sources */ = {isa = PBXBuildFile; fileRef = 230AD36A1884B8CC001EDFB3 /* BeK0sukeTijvfloatlabeledtextfieldTextField.m */; };
		230AD36F1884B8DC001EDFB3 /* BeK0sukeTijvfloatlabeledtextfieldTextFieldProxy.h in Headers */ = {isa = PBXBuildFile; fileRef = 230AD36D1884B8DC001EDFB3 /* BeK0sukeTijvfloatlabeledtextfieldTextFieldProxy.h */; };
		230AD3701884B8DC001EDFB3 /* BeK0sukeTijvfloatlabeledtextfieldTextFieldProxy.m in Sources */ = {isa = PBXBuildFile; fileRef = 230AD36E1884B8DC001EDFB3 /* BeK0sukeTijvfloatlabeledtextfieldTextFieldProxy.m */; };
		230AD3731884B91F001EDFB3 /* BeK0sukeTijvfloatlabeledtextfieldTextArea.h in Headers */ = {isa = PBXBuildFile; fileRef = 230AD3711884B91F001EDFB3 /* BeK0sukeTijvfloatlabeledtextfieldTextArea.h */; };
		230AD3741884B91F001EDFB3 /* BeK0sukeTijvfloatlabeledtextfieldTextArea.m in Sources */ = {isa = PBXBuildFile; fileRef = 230AD3721884B91F001EDFB3 /* BeK0sukeTijvfloatlabeledtextfieldTextArea.m */; };
		230AD3771884B92C001EDFB3 /* BeK0sukeTijvfloatlabeledtextfieldTextAreaProxy.h in Headers */ = {isa = PBXBuildFile; fileRef = 230AD3751884B92C001EDFB3 /* BeK0sukeTijvfloatlabeledtextfieldTextAreaProxy.h */; };
		230AD3781884B92C001EDFB3 /* BeK0sukeTijvfloatlabeledtextfieldTextAreaProxy.m in Sources */ = {isa = PBXBuildFile; fileRef = 230AD3761884B92C001EDFB3 /* BeK0sukeTijvfloatlabeledtextfieldTextAreaProxy.m */; };
		24DD6CF91134B3F500162E58 /* BeK0sukeTijvfloatlabeledtextfieldModule.h in Headers */ = {isa = PBXBuildFile; fileRef = 24DD6CF71134B3F500162E58 /* BeK0sukeTijvfloatlabeledtextfieldModule.h */; };
		24DD6CFA1134B3F500162E58 /* BeK0sukeTijvfloatlabeledtextfieldModule.m in Sources */ = {isa = PBXBuildFile; fileRef = 24DD6CF81134B3F500162E58 /* BeK0sukeTijvfloatlabeledtextfieldModule.m */; };
		24DE9E1111C5FE74003F90F6 /* BeK0sukeTijvfloatlabeledtextfieldModuleAssets.h in Headers */ = {isa = PBXBuildFile; fileRef = 24DE9E0F11C5FE74003F90F6 /* BeK0sukeTijvfloatlabeledtextfieldModuleAssets.h */; };
		24DE9E1211C5FE74003F90F6 /* BeK0sukeTijvfloatlabeledtextfieldModuleAssets.m in Sources */ = {isa = PBXBuildFile; fileRef = 24DE9E1011C5FE74003F90F6 /* BeK0sukeTijvfloatlabeledtextfieldModuleAssets.m */; };
		AA747D9F0F9514B9006C5449 /* BeK0sukeTijvfloatlabeledtextfield_Prefix.pch in Headers */ = {isa = PBXBuildFile; fileRef = AA747D9E0F9514B9006C5449 /* BeK0sukeTijvfloatlabeledtextfield_Prefix.pch */; };
		AACBBE4A0F95108600F1A2B1 /* Foundation.framework in Frameworks */ = {isa = PBXBuildFile; fileRef = AACBBE490F95108600F1A2B1 /* Foundation.framework */; };
/* End PBXBuildFile section */

/* Begin PBXContainerItemProxy section */
		24416B8411C4CA280047AFDD /* PBXContainerItemProxy */ = {
			isa = PBXContainerItemProxy;
			containerPortal = 0867D690FE84028FC02AAC07 /* Project object */;
			proxyType = 1;
			remoteGlobalIDString = D2AAC07D0554694100DB518D;
			remoteInfo = TiJVFloatLabeledTextField;
		};
/* End PBXContainerItemProxy section */

/* Begin PBXFileReference section */
		230AD33D1884AD84001EDFB3 /* JVFloatLabeledTextField.h */ = {isa = PBXFileReference; fileEncoding = 4; lastKnownFileType = sourcecode.c.h; path = JVFloatLabeledTextField.h; sourceTree = "<group>"; };
		230AD33E1884AD84001EDFB3 /* JVFloatLabeledTextField.m */ = {isa = PBXFileReference; fileEncoding = 4; lastKnownFileType = sourcecode.c.objc; path = JVFloatLabeledTextField.m; sourceTree = "<group>"; };
		230AD33F1884AD84001EDFB3 /* JVFloatLabeledTextView.h */ = {isa = PBXFileReference; fileEncoding = 4; lastKnownFileType = sourcecode.c.h; path = JVFloatLabeledTextView.h; sourceTree = "<group>"; };
		230AD3401884AD84001EDFB3 /* JVFloatLabeledTextView.m */ = {isa = PBXFileReference; fileEncoding = 4; lastKnownFileType = sourcecode.c.objc; path = JVFloatLabeledTextView.m; sourceTree = "<group>"; };
		230AD3691884B8CC001EDFB3 /* BeK0sukeTijvfloatlabeledtextfieldTextField.h */ = {isa = PBXFileReference; fileEncoding = 4; lastKnownFileType = sourcecode.c.h; name = BeK0sukeTijvfloatlabeledtextfieldTextField.h; path = Classes/BeK0sukeTijvfloatlabeledtextfieldTextField.h; sourceTree = "<group>"; };
		230AD36A1884B8CC001EDFB3 /* BeK0sukeTijvfloatlabeledtextfieldTextField.m */ = {isa = PBXFileReference; fileEncoding = 4; lastKnownFileType = sourcecode.c.objc; name = BeK0sukeTijvfloatlabeledtextfieldTextField.m; path = Classes/BeK0sukeTijvfloatlabeledtextfieldTextField.m; sourceTree = "<group>"; };
		230AD36D1884B8DC001EDFB3 /* BeK0sukeTijvfloatlabeledtextfieldTextFieldProxy.h */ = {isa = PBXFileReference; fileEncoding = 4; lastKnownFileType = sourcecode.c.h; name = BeK0sukeTijvfloatlabeledtextfieldTextFieldProxy.h; path = Classes/BeK0sukeTijvfloatlabeledtextfieldTextFieldProxy.h; sourceTree = "<group>"; };
		230AD36E1884B8DC001EDFB3 /* BeK0sukeTijvfloatlabeledtextfieldTextFieldProxy.m */ = {isa = PBXFileReference; fileEncoding = 4; lastKnownFileType = sourcecode.c.objc; name = BeK0sukeTijvfloatlabeledtextfieldTextFieldProxy.m; path = Classes/BeK0sukeTijvfloatlabeledtextfieldTextFieldProxy.m; sourceTree = "<group>"; };
		230AD3711884B91F001EDFB3 /* BeK0sukeTijvfloatlabeledtextfieldTextArea.h */ = {isa = PBXFileReference; fileEncoding = 4; lastKnownFileType = sourcecode.c.h; name = BeK0sukeTijvfloatlabeledtextfieldTextArea.h; path = Classes/BeK0sukeTijvfloatlabeledtextfieldTextArea.h; sourceTree = "<group>"; };
		230AD3721884B91F001EDFB3 /* BeK0sukeTijvfloatlabeledtextfieldTextArea.m */ = {isa = PBXFileReference; fileEncoding = 4; lastKnownFileType = sourcecode.c.objc; name = BeK0sukeTijvfloatlabeledtextfieldTextArea.m; path = Classes/BeK0sukeTijvfloatlabeledtextfieldTextArea.m; sourceTree = "<group>"; };
		230AD3751884B92C001EDFB3 /* BeK0sukeTijvfloatlabeledtextfieldTextAreaProxy.h */ = {isa = PBXFileReference; fileEncoding = 4; lastKnownFileType = sourcecode.c.h; name = BeK0sukeTijvfloatlabeledtextfieldTextAreaProxy.h; path = Classes/BeK0sukeTijvfloatlabeledtextfieldTextAreaProxy.h; sourceTree = "<group>"; };
		230AD3761884B92C001EDFB3 /* BeK0sukeTijvfloatlabeledtextfieldTextAreaProxy.m */ = {isa = PBXFileReference; fileEncoding = 4; lastKnownFileType = sourcecode.c.objc; name = BeK0sukeTijvfloatlabeledtextfieldTextAreaProxy.m; path = Classes/BeK0sukeTijvfloatlabeledtextfieldTextAreaProxy.m; sourceTree = "<group>"; };
		24DD6CF71134B3F500162E58 /* BeK0sukeTijvfloatlabeledtextfieldModule.h */ = {isa = PBXFileReference; fileEncoding = 4; lastKnownFileType = sourcecode.c.h; name = BeK0sukeTijvfloatlabeledtextfieldModule.h; path = Classes/BeK0sukeTijvfloatlabeledtextfieldModule.h; sourceTree = "<group>"; };
		24DD6CF81134B3F500162E58 /* BeK0sukeTijvfloatlabeledtextfieldModule.m */ = {isa = PBXFileReference; fileEncoding = 4; lastKnownFileType = sourcecode.c.objc; name = BeK0sukeTijvfloatlabeledtextfieldModule.m; path = Classes/BeK0sukeTijvfloatlabeledtextfieldModule.m; sourceTree = "<group>"; };
		24DD6D1B1134B66800162E58 /* titanium.xcconfig */ = {isa = PBXFileReference; fileEncoding = 4; lastKnownFileType = text.xcconfig; path = titanium.xcconfig; sourceTree = "<group>"; };
		24DE9E0F11C5FE74003F90F6 /* BeK0sukeTijvfloatlabeledtextfieldModuleAssets.h */ = {isa = PBXFileReference; fileEncoding = 4; lastKnownFileType = sourcecode.c.h; name = BeK0sukeTijvfloatlabeledtextfieldModuleAssets.h; path = Classes/BeK0sukeTijvfloatlabeledtextfieldModuleAssets.h; sourceTree = "<group>"; };
		24DE9E1011C5FE74003F90F6 /* BeK0sukeTijvfloatlabeledtextfieldModuleAssets.m */ = {isa = PBXFileReference; fileEncoding = 4; lastKnownFileType = sourcecode.c.objc; name = BeK0sukeTijvfloatlabeledtextfieldModuleAssets.m; path = Classes/BeK0sukeTijvfloatlabeledtextfieldModuleAssets.m; sourceTree = "<group>"; };
		AA747D9E0F9514B9006C5449 /* BeK0sukeTijvfloatlabeledtextfield_Prefix.pch */ = {isa = PBXFileReference; fileEncoding = 4; lastKnownFileType = sourcecode.c.h; path = BeK0sukeTijvfloatlabeledtextfield_Prefix.pch; sourceTree = SOURCE_ROOT; };
		AACBBE490F95108600F1A2B1 /* Foundation.framework */ = {isa = PBXFileReference; lastKnownFileType = wrapper.framework; name = Foundation.framework; path = System/Library/Frameworks/Foundation.framework; sourceTree = SDKROOT; };
		D2AAC07E0554694100DB518D /* libBeK0sukeTijvfloatlabeledtextfield.a */ = {isa = PBXFileReference; explicitFileType = archive.ar; includeInIndex = 0; path = libBeK0sukeTijvfloatlabeledtextfield.a; sourceTree = BUILT_PRODUCTS_DIR; };
/* End PBXFileReference section */

/* Begin PBXFrameworksBuildPhase section */
		D2AAC07C0554694100DB518D /* Frameworks */ = {
			isa = PBXFrameworksBuildPhase;
			buildActionMask = 2147483647;
			files = (
				AACBBE4A0F95108600F1A2B1 /* Foundation.framework in Frameworks */,
			);
			runOnlyForDeploymentPostprocessing = 0;
		};
/* End PBXFrameworksBuildPhase section */

/* Begin PBXGroup section */
		034768DFFF38A50411DB9C8B /* Products */ = {
			isa = PBXGroup;
			children = (
				D2AAC07E0554694100DB518D /* libBeK0sukeTijvfloatlabeledtextfield.a */,
			);
			name = Products;
			sourceTree = "<group>";
		};
		0867D691FE84028FC02AAC07 /* TiJVFloatLabeledTextField */ = {
			isa = PBXGroup;
			children = (
				08FB77AEFE84172EC02AAC07 /* Classes */,
				32C88DFF0371C24200C91783 /* Other Sources */,
				0867D69AFE84028FC02AAC07 /* Frameworks */,
				034768DFFF38A50411DB9C8B /* Products */,
			);
			name = TiJVFloatLabeledTextField;
			sourceTree = "<group>";
		};
		0867D69AFE84028FC02AAC07 /* Frameworks */ = {
			isa = PBXGroup;
			children = (
				AACBBE490F95108600F1A2B1 /* Foundation.framework */,
			);
			name = Frameworks;
			sourceTree = "<group>";
		};
		08FB77AEFE84172EC02AAC07 /* Classes */ = {
			isa = PBXGroup;
			children = (
				230AD33C1884AD84001EDFB3 /* JVFloatLabeledTextField */,
				24DE9E0F11C5FE74003F90F6 /* BeK0sukeTijvfloatlabeledtextfieldModuleAssets.h */,
				24DE9E1011C5FE74003F90F6 /* BeK0sukeTijvfloatlabeledtextfieldModuleAssets.m */,
				24DD6CF71134B3F500162E58 /* BeK0sukeTijvfloatlabeledtextfieldModule.h */,
				24DD6CF81134B3F500162E58 /* BeK0sukeTijvfloatlabeledtextfieldModule.m */,
				230AD3691884B8CC001EDFB3 /* BeK0sukeTijvfloatlabeledtextfieldTextField.h */,
				230AD36A1884B8CC001EDFB3 /* BeK0sukeTijvfloatlabeledtextfieldTextField.m */,
				230AD36D1884B8DC001EDFB3 /* BeK0sukeTijvfloatlabeledtextfieldTextFieldProxy.h */,
				230AD36E1884B8DC001EDFB3 /* BeK0sukeTijvfloatlabeledtextfieldTextFieldProxy.m */,
				230AD3711884B91F001EDFB3 /* BeK0sukeTijvfloatlabeledtextfieldTextArea.h */,
				230AD3721884B91F001EDFB3 /* BeK0sukeTijvfloatlabeledtextfieldTextArea.m */,
				230AD3751884B92C001EDFB3 /* BeK0sukeTijvfloatlabeledtextfieldTextAreaProxy.h */,
				230AD3761884B92C001EDFB3 /* BeK0sukeTijvfloatlabeledtextfieldTextAreaProxy.m */,
			);
			name = Classes;
			sourceTree = "<group>";
		};
		230AD33C1884AD84001EDFB3 /* JVFloatLabeledTextField */ = {
			isa = PBXGroup;
			children = (
				230AD33D1884AD84001EDFB3 /* JVFloatLabeledTextField.h */,
				230AD33E1884AD84001EDFB3 /* JVFloatLabeledTextField.m */,
				230AD33F1884AD84001EDFB3 /* JVFloatLabeledTextView.h */,
				230AD3401884AD84001EDFB3 /* JVFloatLabeledTextView.m */,
			);
			name = JVFloatLabeledTextField;
			path = JVFloatLabeledTextField/JVFloatLabeledTextField/JVFloatLabeledTextField;
			sourceTree = "<group>";
		};
		32C88DFF0371C24200C91783 /* Other Sources */ = {
			isa = PBXGroup;
			children = (
				AA747D9E0F9514B9006C5449 /* BeK0sukeTijvfloatlabeledtextfield_Prefix.pch */,
				24DD6D1B1134B66800162E58 /* titanium.xcconfig */,
			);
			name = "Other Sources";
			sourceTree = "<group>";
		};
/* End PBXGroup section */

/* Begin PBXHeadersBuildPhase section */
		D2AAC07A0554694100DB518D /* Headers */ = {
			isa = PBXHeadersBuildPhase;
			buildActionMask = 2147483647;
			files = (
				AA747D9F0F9514B9006C5449 /* BeK0sukeTijvfloatlabeledtextfield_Prefix.pch in Headers */,
				230AD36B1884B8CC001EDFB3 /* BeK0sukeTijvfloatlabeledtextfieldTextField.h in Headers */,
				24DD6CF91134B3F500162E58 /* BeK0sukeTijvfloatlabeledtextfieldModule.h in Headers */,
				24DE9E1111C5FE74003F90F6 /* BeK0sukeTijvfloatlabeledtextfieldModuleAssets.h in Headers */,
				230AD3411884AD84001EDFB3 /* JVFloatLabeledTextField.h in Headers */,
				230AD3431884AD84001EDFB3 /* JVFloatLabeledTextView.h in Headers */,
				230AD3731884B91F001EDFB3 /* BeK0sukeTijvfloatlabeledtextfieldTextArea.h in Headers */,
				230AD36F1884B8DC001EDFB3 /* BeK0sukeTijvfloatlabeledtextfieldTextFieldProxy.h in Headers */,
				230AD3771884B92C001EDFB3 /* BeK0sukeTijvfloatlabeledtextfieldTextAreaProxy.h in Headers */,
			);
			runOnlyForDeploymentPostprocessing = 0;
		};
/* End PBXHeadersBuildPhase section */

/* Begin PBXNativeTarget section */
		D2AAC07D0554694100DB518D /* TiJVFloatLabeledTextField */ = {
			isa = PBXNativeTarget;
			buildConfigurationList = 1DEB921E08733DC00010E9CD /* Build configuration list for PBXNativeTarget "TiJVFloatLabeledTextField" */;
			buildPhases = (
				D2AAC07A0554694100DB518D /* Headers */,
				D2AAC07B0554694100DB518D /* Sources */,
				D2AAC07C0554694100DB518D /* Frameworks */,
			);
			buildRules = (
			);
			dependencies = (
			);
			name = TiJVFloatLabeledTextField;
			productName = TiJVFloatLabeledTextField;
			productReference = D2AAC07E0554694100DB518D /* libBeK0sukeTijvfloatlabeledtextfield.a */;
			productType = "com.apple.product-type.library.static";
		};
/* End PBXNativeTarget section */

/* Begin PBXProject section */
		0867D690FE84028FC02AAC07 /* Project object */ = {
			isa = PBXProject;
			attributes = {
				LastUpgradeCheck = 0510;
			};
			buildConfigurationList = 1DEB922208733DC00010E9CD /* Build configuration list for PBXProject "TiJVFloatLabeledTextField" */;
			compatibilityVersion = "Xcode 3.2";
			developmentRegion = English;
			hasScannedForEncodings = 1;
			knownRegions = (
				English,
				Japanese,
				French,
				German,
			);
			mainGroup = 0867D691FE84028FC02AAC07 /* TiJVFloatLabeledTextField */;
			productRefGroup = 034768DFFF38A50411DB9C8B /* Products */;
			projectDirPath = "";
			projectRoot = "";
			targets = (
				D2AAC07D0554694100DB518D /* TiJVFloatLabeledTextField */,
				24416B8111C4CA220047AFDD /* Build & Test */,
			);
		};
/* End PBXProject section */

/* Begin PBXShellScriptBuildPhase section */
		24416B8011C4CA220047AFDD /* ShellScript */ = {
			isa = PBXShellScriptBuildPhase;
			buildActionMask = 2147483647;
			files = (
			);
			inputPaths = (
			);
			outputPaths = (
			);
			runOnlyForDeploymentPostprocessing = 0;
			shellPath = /bin/sh;
			shellScript = "# shell script goes here\n\npython \"${TITANIUM_SDK}/titanium.py\" run --dir=\"${PROJECT_DIR}\"\nexit $?\n";
		};
/* End PBXShellScriptBuildPhase section */

/* Begin PBXSourcesBuildPhase section */
		D2AAC07B0554694100DB518D /* Sources */ = {
			isa = PBXSourcesBuildPhase;
			buildActionMask = 2147483647;
			files = (
				230AD3421884AD84001EDFB3 /* JVFloatLabeledTextField.m in Sources */,
				230AD36C1884B8CC001EDFB3 /* BeK0sukeTijvfloatlabeledtextfieldTextField.m in Sources */,
				230AD3781884B92C001EDFB3 /* BeK0sukeTijvfloatlabeledtextfieldTextAreaProxy.m in Sources */,
				24DD6CFA1134B3F500162E58 /* BeK0sukeTijvfloatlabeledtextfieldModule.m in Sources */,
				230AD3741884B91F001EDFB3 /* BeK0sukeTijvfloatlabeledtextfieldTextArea.m in Sources */,
				230AD3441884AD84001EDFB3 /* JVFloatLabeledTextView.m in Sources */,
				230AD3701884B8DC001EDFB3 /* BeK0sukeTijvfloatlabeledtextfieldTextFieldProxy.m in Sources */,
				24DE9E1211C5FE74003F90F6 /* BeK0sukeTijvfloatlabeledtextfieldModuleAssets.m in Sources */,
			);
			runOnlyForDeploymentPostprocessing = 0;
		};
/* End PBXSourcesBuildPhase section */

/* Begin PBXTargetDependency section */
		24416B8511C4CA280047AFDD /* PBXTargetDependency */ = {
			isa = PBXTargetDependency;
			target = D2AAC07D0554694100DB518D /* TiJVFloatLabeledTextField */;
			targetProxy = 24416B8411C4CA280047AFDD /* PBXContainerItemProxy */;
		};
/* End PBXTargetDependency section */

/* Begin XCBuildConfiguration section */
		1DEB921F08733DC00010E9CD /* Debug */ = {
			isa = XCBuildConfiguration;
			baseConfigurationReference = 24DD6D1B1134B66800162E58 /* titanium.xcconfig */;
			buildSettings = {
				CODE_SIGN_IDENTITY = "iPhone Developer";
				"CODE_SIGN_IDENTITY[sdk=iphoneos*]" = "iPhone Developer";
				DSTROOT = /tmp/BeK0sukeTijvfloatlabeledtextfield.dst;
				GCC_C_LANGUAGE_STANDARD = c99;
				GCC_OPTIMIZATION_LEVEL = 0;
				GCC_PRECOMPILE_PREFIX_HEADER = YES;
				GCC_PREFIX_HEADER = BeK0sukeTijvfloatlabeledtextfield_Prefix.pch;
				GCC_PREPROCESSOR_DEFINITIONS = "TI_VERSION=$(TI_VERSION)";
				GCC_TREAT_WARNINGS_AS_ERRORS = NO;
				GCC_VERSION = "";
				GCC_WARN_ABOUT_RETURN_TYPE = NO;
				GCC_WARN_MISSING_PARENTHESES = NO;
				GCC_WARN_SHADOW = NO;
				GCC_WARN_STRICT_SELECTOR_MATCH = NO;
				GCC_WARN_UNUSED_FUNCTION = YES;
				GCC_WARN_UNUSED_PARAMETER = NO;
				GCC_WARN_UNUSED_VALUE = NO;
				GCC_WARN_UNUSED_VARIABLE = NO;
				INSTALL_PATH = /usr/local/lib;
				LIBRARY_SEARCH_PATHS = "";
				OTHER_CFLAGS = (
					"-DDEBUG",
					"-DTI_POST_1_2",
				);
				OTHER_LDFLAGS = "-ObjC";
				PRODUCT_NAME = BeK0sukeTijvfloatlabeledtextfield;
				PROVISIONING_PROFILE = "";
				"PROVISIONING_PROFILE[sdk=iphoneos*]" = "";
				RUN_CLANG_STATIC_ANALYZER = NO;
				SDKROOT = iphoneos;
				USER_HEADER_SEARCH_PATHS = "";
			};
			name = Debug;
		};
		1DEB922008733DC00010E9CD /* Release */ = {
			isa = XCBuildConfiguration;
			baseConfigurationReference = 24DD6D1B1134B66800162E58 /* titanium.xcconfig */;
			buildSettings = {
				ALWAYS_SEARCH_USER_PATHS = NO;
				DSTROOT = /tmp/BeK0sukeTijvfloatlabeledtextfield.dst;
				GCC_C_LANGUAGE_STANDARD = c99;
				GCC_MODEL_TUNING = G5;
				GCC_PRECOMPILE_PREFIX_HEADER = YES;
				GCC_PREFIX_HEADER = BeK0sukeTijvfloatlabeledtextfield_Prefix.pch;
				GCC_PREPROCESSOR_DEFINITIONS = "TI_VERSION=$(TI_VERSION)";
				GCC_TREAT_WARNINGS_AS_ERRORS = NO;
				GCC_VERSION = "";
				GCC_WARN_ABOUT_RETURN_TYPE = NO;
				GCC_WARN_MISSING_PARENTHESES = NO;
				GCC_WARN_SHADOW = NO;
				GCC_WARN_STRICT_SELECTOR_MATCH = NO;
				GCC_WARN_UNUSED_FUNCTION = YES;
				GCC_WARN_UNUSED_PARAMETER = NO;
				GCC_WARN_UNUSED_VALUE = NO;
				GCC_WARN_UNUSED_VARIABLE = NO;
				INSTALL_PATH = /usr/local/lib;
				IPHONEOS_DEPLOYMENT_TARGET = 4.0;
				LIBRARY_SEARCH_PATHS = "";
				OTHER_CFLAGS = "-DTI_POST_1_2";
				OTHER_LDFLAGS = "-ObjC";
				PRODUCT_NAME = BeK0sukeTijvfloatlabeledtextfield;
				RUN_CLANG_STATIC_ANALYZER = NO;
				SDKROOT = iphoneos;
				USER_HEADER_SEARCH_PATHS = "";
			};
			name = Release;
		};
		1DEB922308733DC00010E9CD /* Debug */ = {
			isa = XCBuildConfiguration;
			baseConfigurationReference = 24DD6D1B1134B66800162E58 /* titanium.xcconfig */;
			buildSettings = {
				CODE_SIGN_IDENTITY = "iPhone Developer";
				"CODE_SIGN_IDENTITY[sdk=iphoneos*]" = "iPhone Developer";
				DSTROOT = /tmp/BeK0sukeTijvfloatlabeledtextfield.dst;
				GCC_C_LANGUAGE_STANDARD = c99;
				GCC_OPTIMIZATION_LEVEL = 0;
				GCC_PRECOMPILE_PREFIX_HEADER = YES;
				GCC_PREFIX_HEADER = BeK0sukeTijvfloatlabeledtextfield_Prefix.pch;
				GCC_PREPROCESSOR_DEFINITIONS = "TI_VERSION=$(TI_VERSION)";
				GCC_TREAT_WARNINGS_AS_ERRORS = NO;
				GCC_VERSION = "";
				GCC_WARN_ABOUT_RETURN_TYPE = NO;
				GCC_WARN_MISSING_PARENTHESES = NO;
				GCC_WARN_SHADOW = NO;
				GCC_WARN_STRICT_SELECTOR_MATCH = NO;
				GCC_WARN_UNUSED_FUNCTION = YES;
				GCC_WARN_UNUSED_PARAMETER = NO;
				GCC_WARN_UNUSED_VALUE = NO;
				GCC_WARN_UNUSED_VARIABLE = NO;
				INSTALL_PATH = /usr/local/lib;
				ONLY_ACTIVE_ARCH = YES;
				OTHER_CFLAGS = (
					"-DDEBUG",
					"-DTI_POST_1_2",
				);
				OTHER_LDFLAGS = "-ObjC";
				PRODUCT_NAME = BeK0sukeTijvfloatlabeledtextfield;
				PROVISIONING_PROFILE = "";
				"PROVISIONING_PROFILE[sdk=iphoneos*]" = "";
				RUN_CLANG_STATIC_ANALYZER = NO;
				SDKROOT = iphoneos;
				USER_HEADER_SEARCH_PATHS = "";
			};
			name = Debug;
		};
		1DEB922408733DC00010E9CD /* Release */ = {
			isa = XCBuildConfiguration;
			baseConfigurationReference = 24DD6D1B1134B66800162E58 /* titanium.xcconfig */;
			buildSettings = {
				ALWAYS_SEARCH_USER_PATHS = NO;
				DSTROOT = /tmp/BeK0sukeTijvfloatlabeledtextfield.dst;
				GCC_C_LANGUAGE_STANDARD = c99;
				GCC_MODEL_TUNING = G5;
				GCC_PRECOMPILE_PREFIX_HEADER = YES;
				GCC_PREFIX_HEADER = BeK0sukeTijvfloatlabeledtextfield_Prefix.pch;
				GCC_PREPROCESSOR_DEFINITIONS = "TI_VERSION=$(TI_VERSION)";
				GCC_TREAT_WARNINGS_AS_ERRORS = NO;
				GCC_VERSION = "";
				GCC_WARN_ABOUT_RETURN_TYPE = NO;
				GCC_WARN_MISSING_PARENTHESES = NO;
				GCC_WARN_SHADOW = NO;
				GCC_WARN_STRICT_SELECTOR_MATCH = NO;
				GCC_WARN_UNUSED_FUNCTION = YES;
				GCC_WARN_UNUSED_PARAMETER = NO;
				GCC_WARN_UNUSED_VALUE = NO;
				GCC_WARN_UNUSED_VARIABLE = NO;
				INSTALL_PATH = /usr/local/lib;
				IPHONEOS_DEPLOYMENT_TARGET = 4.0;
				OTHER_CFLAGS = "-DTI_POST_1_2";
				OTHER_LDFLAGS = "-ObjC";
				PRODUCT_NAME = BeK0sukeTijvfloatlabeledtextfield;
				RUN_CLANG_STATIC_ANALYZER = NO;
				SDKROOT = iphoneos;
				USER_HEADER_SEARCH_PATHS = "";
			};
			name = Release;
		};
		24416B8211C4CA220047AFDD /* Debug */ = {
			isa = XCBuildConfiguration;
			baseConfigurationReference = 24DD6D1B1134B66800162E58 /* titanium.xcconfig */;
			buildSettings = {
				COPY_PHASE_STRIP = NO;
				GCC_DYNAMIC_NO_PIC = NO;
				GCC_OPTIMIZATION_LEVEL = 0;
				PRODUCT_NAME = "Build & test";
			};
			name = Debug;
		};
		24416B8311C4CA220047AFDD /* Release */ = {
			isa = XCBuildConfiguration;
			baseConfigurationReference = 24DD6D1B1134B66800162E58 /* titanium.xcconfig */;
			buildSettings = {
				COPY_PHASE_STRIP = YES;
				DEBUG_INFORMATION_FORMAT = "dwarf-with-dsym";
				GCC_ENABLE_FIX_AND_CONTINUE = NO;
				PRODUCT_NAME = "Build & test";
				ZERO_LINK = NO;
			};
			name = Release;
		};
/* End XCBuildConfiguration section */

/* Begin XCConfigurationList section */
		1DEB921E08733DC00010E9CD /* Build configuration list for PBXNativeTarget "TiJVFloatLabeledTextField" */ = {
			isa = XCConfigurationList;
			buildConfigurations = (
				1DEB921F08733DC00010E9CD /* Debug */,
				1DEB922008733DC00010E9CD /* Release */,
			);
			defaultConfigurationIsVisible = 0;
			defaultConfigurationName = Release;
		};
		1DEB922208733DC00010E9CD /* Build configuration list for PBXProject "TiJVFloatLabeledTextField" */ = {
			isa = XCConfigurationList;
			buildConfigurations = (
				1DEB922308733DC00010E9CD /* Debug */,
				1DEB922408733DC00010E9CD /* Release */,
			);
			defaultConfigurationIsVisible = 0;
			defaultConfigurationName = Release;
		};
		24416B8A11C4CA520047AFDD /* Build configuration list for PBXAggregateTarget "Build & Test" */ = {
			isa = XCConfigurationList;
			buildConfigurations = (
				24416B8211C4CA220047AFDD /* Debug */,
				24416B8311C4CA220047AFDD /* Release */,
			);
			defaultConfigurationIsVisible = 0;
			defaultConfigurationName = Release;
		};
/* End XCConfigurationList section */
	};
	rootObject = 0867D690FE84028FC02AAC07 /* Project object */;
}
